
Microsoft Visual Studio Solution File, Format Version 12.00
# Visual Studio Version 16
VisualStudioVersion = 16.0.32126.315
MinimumVisualStudioVersion = 10.0.40219.1
Project("{FAE04EC0-301F-11D3-BF4B-00C04F79EFBC}") = "MyLists", "MyLists\MyLists.csproj", "{BEBAAEAC-A3AA-4A1A-8536-44BF8CFFEB6F}"
EndProject
Global
	GlobalSection(SolutionConfigurationPlatforms) = preSolution
		Debug|Any CPU = Debug|Any CPU
		Release|Any CPU = Release|Any CPU
	EndGlobalSection
	GlobalSection(ProjectConfigurationPlatforms) = postSolution
		{BEBAAEAC-A3AA-4A1A-8536-44BF8CFFEB6F}.Debug|Any CPU.ActiveCfg = Debug|Any CPU
		{BEBAAEAC-A3AA-4A1A-8536-44BF8CFFEB6F}.Debug|Any CPU.Build.0 = Debug|Any CPU
		{BEBAAEAC-A3AA-4A1A-8536-44BF8CFFEB6F}.Release|Any CPU.ActiveCfg = Release|Any CPU
		{BEBAAEAC-A3AA-4A1A-8536-44BF8CFFEB6F}.Release|Any CPU.Build.0 = Release|Any CPU
	EndGlobalSection
	GlobalSection(SolutionProperties) = preSolution
		HideSolutionNode = FALSE
	EndGlobalSection
	GlobalSection(ExtensibilityGlobals) = postSolution
		SolutionGuid = {DE355D1A-2CDF-4DBC-A003-A56AD042E9F1}
	EndGlobalSection
EndGlobal
